
Microsoft Visual Studio Solution File, Format Version 12.00
# Visual Studio Version 16
VisualStudioVersion = 16.0.31105.61
MinimumVisualStudioVersion = 10.0.40219.1
Project("{FAE04EC0-301F-11D3-BF4B-00C04F79EFBC}") = "Area2DCalculator", "Area2DCalculator\Area2DCalculator.csproj", "{912CCCD1-DE30-4942-AD55-0C1DB23A9FBD}"
EndProject
Global
	GlobalSection(SolutionConfigurationPlatforms) = preSolution
		Debug|Any CPU = Debug|Any CPU
		Release|Any CPU = Release|Any CPU
	EndGlobalSection
	GlobalSection(ProjectConfigurationPlatforms) = postSolution
		{912CCCD1-DE30-4942-AD55-0C1DB23A9FBD}.Debug|Any CPU.ActiveCfg = Debug|Any CPU
		{912CCCD1-DE30-4942-AD55-0C1DB23A9FBD}.Debug|Any CPU.Build.0 = Debug|Any CPU
		{912CCCD1-DE30-4942-AD55-0C1DB23A9FBD}.Release|Any CPU.ActiveCfg = Release|Any CPU
		{912CCCD1-DE30-4942-AD55-0C1DB23A9FBD}.Release|Any CPU.Build.0 = Release|Any CPU
	EndGlobalSection
	GlobalSection(SolutionProperties) = preSolution
		HideSolutionNode = FALSE
	EndGlobalSection
	GlobalSection(ExtensibilityGlobals) = postSolution
		SolutionGuid = {F00D322E-DE89-4BCD-B42A-08F1983157D6}
	EndGlobalSection
EndGlobal
